
Microsoft Visual Studio Solution File, Format Version 12.00
# Visual Studio Version 17
VisualStudioVersion = 17.10.34928.147
MinimumVisualStudioVersion = 10.0.40219.1
Project("{FAE04EC0-301F-11D3-BF4B-00C04F79EFBC}") = "HomeDepot.ML", "HomeDepot.ML\HomeDepot.ML.csproj", "{F60B3EEA-1E71-40D4-923B-ECB2A4C5B8A9}"
EndProject
Global
	GlobalSection(SolutionConfigurationPlatforms) = preSolution
		Debug|Any CPU = Debug|Any CPU
		Release|Any CPU = Release|Any CPU
	EndGlobalSection
	GlobalSection(ProjectConfigurationPlatforms) = postSolution
		{F60B3EEA-1E71-40D4-923B-ECB2A4C5B8A9}.Debug|Any CPU.ActiveCfg = Debug|Any CPU
		{F60B3EEA-1E71-40D4-923B-ECB2A4C5B8A9}.Debug|Any CPU.Build.0 = Debug|Any CPU
		{F60B3EEA-1E71-40D4-923B-ECB2A4C5B8A9}.Release|Any CPU.ActiveCfg = Release|Any CPU
		{F60B3EEA-1E71-40D4-923B-ECB2A4C5B8A9}.Release|Any CPU.Build.0 = Release|Any CPU
	EndGlobalSection
	GlobalSection(SolutionProperties) = preSolution
		HideSolutionNode = FALSE
	EndGlobalSection
	GlobalSection(ExtensibilityGlobals) = postSolution
		SolutionGuid = {52B884FE-6AD6-4F14-AA2B-E63C948A4FE3}
	EndGlobalSection
EndGlobal
